// !$*UTF8*$!
{
	archiveVersion = 1;
	classes = {
	};
	objectVersion = 48;
	objects = {

/* Begin PBXBuildFile section */
		3FE64C14F16DBED379B0C609 /* Pods_Bluke.framework in Frameworks */ = {isa = PBXBuildFile; fileRef = 365322D0B270DE4B147E29E1 /* Pods_Bluke.framework */; };
		B2A2ACAA219977A10081A914 /* AppDelegate.swift in Sources */ = {isa = PBXBuildFile; fileRef = B2A2ACA9219977A10081A914 /* AppDelegate.swift */; };
		B2A2ACAC219977A10081A914 /* Assets.xcassets in Resources */ = {isa = PBXBuildFile; fileRef = B2A2ACAB219977A10081A914 /* Assets.xcassets */; };
		B2A2ACAF219977A10081A914 /* MainMenu.xib in Resources */ = {isa = PBXBuildFile; fileRef = B2A2ACAD219977A10081A914 /* MainMenu.xib */; };
		B2A2ACB821997A800081A914 /* StatusMenuController.swift in Sources */ = {isa = PBXBuildFile; fileRef = B2A2ACB721997A800081A914 /* StatusMenuController.swift */; };
		B2AC24F0219ACCC900D49C99 /* Preferences.storyboard in Resources */ = {isa = PBXBuildFile; fileRef = B2AC24EF219ACCC900D49C99 /* Preferences.storyboard */; };
		B2AC24F2219AD1F200D49C99 /* PreferencesViewController.swift in Sources */ = {isa = PBXBuildFile; fileRef = B2AC24F1219AD1F200D49C99 /* PreferencesViewController.swift */; };
		B2AC24F4219AD2D800D49C99 /* PreferencesWindowController.swift in Sources */ = {isa = PBXBuildFile; fileRef = B2AC24F3219AD2D800D49C99 /* PreferencesWindowController.swift */; };
/* End PBXBuildFile section */

/* Begin PBXFileReference section */
		365322D0B270DE4B147E29E1 /* Pods_Bluke.framework */ = {isa = PBXFileReference; explicitFileType = wrapper.framework; includeInIndex = 0; path = Pods_Bluke.framework; sourceTree = BUILT_PRODUCTS_DIR; };
		6BB329C1B140B90A85E30637 /* Pods-Bluke.release.xcconfig */ = {isa = PBXFileReference; includeInIndex = 1; lastKnownFileType = text.xcconfig; name = "Pods-Bluke.release.xcconfig"; path = "Pods/Target Support Files/Pods-Bluke/Pods-Bluke.release.xcconfig"; sourceTree = "<group>"; };
		B2A2ACA6219977A10081A914 /* Bluke.app */ = {isa = PBXFileReference; explicitFileType = wrapper.application; includeInIndex = 0; path = Bluke.app; sourceTree = BUILT_PRODUCTS_DIR; };
		B2A2ACA9219977A10081A914 /* AppDelegate.swift */ = {isa = PBXFileReference; lastKnownFileType = sourcecode.swift; path = AppDelegate.swift; sourceTree = "<group>"; };
		B2A2ACAB219977A10081A914 /* Assets.xcassets */ = {isa = PBXFileReference; lastKnownFileType = folder.assetcatalog; path = Assets.xcassets; sourceTree = "<group>"; };
		B2A2ACAE219977A10081A914 /* Base */ = {isa = PBXFileReference; lastKnownFileType = file.xib; name = Base; path = Base.lproj/MainMenu.xib; sourceTree = "<group>"; };
		B2A2ACB0219977A10081A914 /* Info.plist */ = {isa = PBXFileReference; lastKnownFileType = text.plist.xml; path = Info.plist; sourceTree = "<group>"; };
		B2A2ACB1219977A10081A914 /* Bluke.entitlements */ = {isa = PBXFileReference; lastKnownFileType = text.plist.entitlements; path = Bluke.entitlements; sourceTree = "<group>"; };
		B2A2ACB721997A800081A914 /* StatusMenuController.swift */ = {isa = PBXFileReference; lastKnownFileType = sourcecode.swift; path = StatusMenuController.swift; sourceTree = "<group>"; };
		B2AC24EF219ACCC900D49C99 /* Preferences.storyboard */ = {isa = PBXFileReference; lastKnownFileType = file.storyboard; path = Preferences.storyboard; sourceTree = "<group>"; };
		B2AC24F1219AD1F200D49C99 /* PreferencesViewController.swift */ = {isa = PBXFileReference; lastKnownFileType = sourcecode.swift; path = PreferencesViewController.swift; sourceTree = "<group>"; };
		B2AC24F3219AD2D800D49C99 /* PreferencesWindowController.swift */ = {isa = PBXFileReference; lastKnownFileType = sourcecode.swift; path = PreferencesWindowController.swift; sourceTree = "<group>"; };
		CBB52602E029B3986542F500 /* Pods-Bluke.debug.xcconfig */ = {isa = PBXFileReference; includeInIndex = 1; lastKnownFileType = text.xcconfig; name = "Pods-Bluke.debug.xcconfig"; path = "Pods/Target Support Files/Pods-Bluke/Pods-Bluke.debug.xcconfig"; sourceTree = "<group>"; };
/* End PBXFileReference section */

/* Begin PBXFrameworksBuildPhase section */
		B2A2ACA3219977A10081A914 /* Frameworks */ = {
			isa = PBXFrameworksBuildPhase;
			buildActionMask = 2147483647;
			files = (
				3FE64C14F16DBED379B0C609 /* Pods_Bluke.framework in Frameworks */,
			);
			runOnlyForDeploymentPostprocessing = 0;
		};
/* End PBXFrameworksBuildPhase section */

/* Begin PBXGroup section */
		4BE0D96FF5489423DCC76062 /* Pods */ = {
			isa = PBXGroup;
			children = (
				CBB52602E029B3986542F500 /* Pods-Bluke.debug.xcconfig */,
				6BB329C1B140B90A85E30637 /* Pods-Bluke.release.xcconfig */,
			);
			name = Pods;
			sourceTree = "<group>";
		};
		79F1811A74E6CA93F821C244 /* Frameworks */ = {
			isa = PBXGroup;
			children = (
				365322D0B270DE4B147E29E1 /* Pods_Bluke.framework */,
			);
			name = Frameworks;
			sourceTree = "<group>";
		};
		B2A2AC9D219977A10081A914 = {
			isa = PBXGroup;
			children = (
				B2A2ACA8219977A10081A914 /* Bluke */,
				B2A2ACA7219977A10081A914 /* Products */,
				4BE0D96FF5489423DCC76062 /* Pods */,
				79F1811A74E6CA93F821C244 /* Frameworks */,
			);
			sourceTree = "<group>";
		};
		B2A2ACA7219977A10081A914 /* Products */ = {
			isa = PBXGroup;
			children = (
				B2A2ACA6219977A10081A914 /* Bluke.app */,
			);
			name = Products;
			sourceTree = "<group>";
		};
		B2A2ACA8219977A10081A914 /* Bluke */ = {
			isa = PBXGroup;
			children = (
				B2A2ACA9219977A10081A914 /* AppDelegate.swift */,
				B2A2ACB721997A800081A914 /* StatusMenuController.swift */,
				B2A2ACAD219977A10081A914 /* MainMenu.xib */,
				B2AC24F5219AD31300D49C99 /* Preferences */,
				B2AC24F6219AD32E00D49C99 /* Supporting Files */,
			);
			path = Bluke;
			sourceTree = "<group>";
		};
		B2AC24F5219AD31300D49C99 /* Preferences */ = {
			isa = PBXGroup;
			children = (
				B2AC24F1219AD1F200D49C99 /* PreferencesViewController.swift */,
				B2AC24F3219AD2D800D49C99 /* PreferencesWindowController.swift */,
				B2AC24EF219ACCC900D49C99 /* Preferences.storyboard */,
			);
			path = Preferences;
			sourceTree = "<group>";
		};
		B2AC24F6219AD32E00D49C99 /* Supporting Files */ = {
			isa = PBXGroup;
			children = (
				B2A2ACAB219977A10081A914 /* Assets.xcassets */,
				B2A2ACB0219977A10081A914 /* Info.plist */,
				B2A2ACB1219977A10081A914 /* Bluke.entitlements */,
			);
			path = "Supporting Files";
			sourceTree = "<group>";
		};
/* End PBXGroup section */

/* Begin PBXNativeTarget section */
		B2A2ACA5219977A10081A914 /* Bluke */ = {
			isa = PBXNativeTarget;
			buildConfigurationList = B2A2ACB4219977A10081A914 /* Build configuration list for PBXNativeTarget "Bluke" */;
			buildPhases = (
				929E01E1023CECBE1710F411 /* [CP] Check Pods Manifest.lock */,
				B2A2ACA2219977A10081A914 /* Sources */,
				B2A2ACA3219977A10081A914 /* Frameworks */,
				B2A2ACA4219977A10081A914 /* Resources */,
				8BBE647E5D4A1C3513FD8F21 /* [CP] Embed Pods Frameworks */,
			);
			buildRules = (
			);
			dependencies = (
			);
			name = Bluke;
			productName = Bluke;
			productReference = B2A2ACA6219977A10081A914 /* Bluke.app */;
			productType = "com.apple.product-type.application";
		};
/* End PBXNativeTarget section */

/* Begin PBXProject section */
		B2A2AC9E219977A10081A914 /* Project object */ = {
			isa = PBXProject;
			attributes = {
				LastSwiftUpdateCheck = 0920;
				LastUpgradeCheck = 0920;
				ORGANIZATIONNAME = jfjs;
				TargetAttributes = {
					B2A2ACA5219977A10081A914 = {
						CreatedOnToolsVersion = 9.2;
						ProvisioningStyle = Automatic;
					};
				};
			};
			buildConfigurationList = B2A2ACA1219977A10081A914 /* Build configuration list for PBXProject "Bluke" */;
			compatibilityVersion = "Xcode 8.0";
			developmentRegion = en;
			hasScannedForEncodings = 0;
			knownRegions = (
				en,
				Base,
			);
			mainGroup = B2A2AC9D219977A10081A914;
			productRefGroup = B2A2ACA7219977A10081A914 /* Products */;
			projectDirPath = "";
			projectRoot = "";
			targets = (
				B2A2ACA5219977A10081A914 /* Bluke */,
			);
		};
/* End PBXProject section */

/* Begin PBXResourcesBuildPhase section */
		B2A2ACA4219977A10081A914 /* Resources */ = {
			isa = PBXResourcesBuildPhase;
			buildActionMask = 2147483647;
			files = (
				B2AC24F0219ACCC900D49C99 /* Preferences.storyboard in Resources */,
				B2A2ACAC219977A10081A914 /* Assets.xcassets in Resources */,
				B2A2ACAF219977A10081A914 /* MainMenu.xib in Resources */,
			);
			runOnlyForDeploymentPostprocessing = 0;
		};
/* End PBXResourcesBuildPhase section */

/* Begin PBXShellScriptBuildPhase section */
		8BBE647E5D4A1C3513FD8F21 /* [CP] Embed Pods Frameworks */ = {
			isa = PBXShellScriptBuildPhase;
			buildActionMask = 2147483647;
			files = (
			);
			inputFileListPaths = (
			);
			inputPaths = (
				"${SRCROOT}/Pods/Target Support Files/Pods-Bluke/Pods-Bluke-frameworks.sh",
				"${BUILT_PRODUCTS_DIR}/HotKey/HotKey.framework",
			);
			name = "[CP] Embed Pods Frameworks";
			outputFileListPaths = (
			);
			outputPaths = (
				"${TARGET_BUILD_DIR}/${FRAMEWORKS_FOLDER_PATH}/HotKey.framework",
			);
			runOnlyForDeploymentPostprocessing = 0;
			shellPath = /bin/sh;
			shellScript = "\"${SRCROOT}/Pods/Target Support Files/Pods-Bluke/Pods-Bluke-frameworks.sh\"\n";
			showEnvVarsInLog = 0;
		};
		929E01E1023CECBE1710F411 /* [CP] Check Pods Manifest.lock */ = {
			isa = PBXShellScriptBuildPhase;
			buildActionMask = 2147483647;
			files = (
			);
			inputFileListPaths = (
			);
			inputPaths = (
				"${PODS_PODFILE_DIR_PATH}/Podfile.lock",
				"${PODS_ROOT}/Manifest.lock",
			);
			name = "[CP] Check Pods Manifest.lock";
			outputFileListPaths = (
			);
			outputPaths = (
				"$(DERIVED_FILE_DIR)/Pods-Bluke-checkManifestLockResult.txt",
			);
			runOnlyForDeploymentPostprocessing = 0;
			shellPath = /bin/sh;
			shellScript = "diff \"${PODS_PODFILE_DIR_PATH}/Podfile.lock\" \"${PODS_ROOT}/Manifest.lock\" > /dev/null\nif [ $? != 0 ] ; then\n    # print error to STDERR\n    echo \"error: The sandbox is not in sync with the Podfile.lock. Run 'pod install' or update your CocoaPods installation.\" >&2\n    exit 1\nfi\n# This output is used by Xcode 'outputs' to avoid re-running this script phase.\necho \"SUCCESS\" > \"${SCRIPT_OUTPUT_FILE_0}\"\n";
			showEnvVarsInLog = 0;
		};
/* End PBXShellScriptBuildPhase section */

/* Begin PBXSourcesBuildPhase section */
		B2A2ACA2219977A10081A914 /* Sources */ = {
			isa = PBXSourcesBuildPhase;
			buildActionMask = 2147483647;
			files = (
				B2A2ACB821997A800081A914 /* StatusMenuController.swift in Sources */,
				B2A2ACAA219977A10081A914 /* AppDelegate.swift in Sources */,
				B2AC24F4219AD2D800D49C99 /* PreferencesWindowController.swift in Sources */,
				B2AC24F2219AD1F200D49C99 /* PreferencesViewController.swift in Sources */,
			);
			runOnlyForDeploymentPostprocessing = 0;
		};
/* End PBXSourcesBuildPhase section */

/* Begin PBXVariantGroup section */
		B2A2ACAD219977A10081A914 /* MainMenu.xib */ = {
			isa = PBXVariantGroup;
			children = (
				B2A2ACAE219977A10081A914 /* Base */,
			);
			name = MainMenu.xib;
			sourceTree = "<group>";
		};
/* End PBXVariantGroup section */

/* Begin XCBuildConfiguration section */
		B2A2ACB2219977A10081A914 /* Debug */ = {
			isa = XCBuildConfiguration;
			buildSettings = {
				ALWAYS_SEARCH_USER_PATHS = NO;
				CLANG_ANALYZER_NONNULL = YES;
				CLANG_ANALYZER_NUMBER_OBJECT_CONVERSION = YES_AGGRESSIVE;
				CLANG_CXX_LANGUAGE_STANDARD = "gnu++14";
				CLANG_CXX_LIBRARY = "libc++";
				CLANG_ENABLE_MODULES = YES;
				CLANG_ENABLE_OBJC_ARC = YES;
				CLANG_WARN_BLOCK_CAPTURE_AUTORELEASING = YES;
				CLANG_WARN_BOOL_CONVERSION = YES;
				CLANG_WARN_COMMA = YES;
				CLANG_WARN_CONSTANT_CONVERSION = YES;
				CLANG_WARN_DIRECT_OBJC_ISA_USAGE = YES_ERROR;
				CLANG_WARN_DOCUMENTATION_COMMENTS = YES;
				CLANG_WARN_EMPTY_BODY = YES;
				CLANG_WARN_ENUM_CONVERSION = YES;
				CLANG_WARN_INFINITE_RECURSION = YES;
				CLANG_WARN_INT_CONVERSION = YES;
				CLANG_WARN_NON_LITERAL_NULL_CONVERSION = YES;
				CLANG_WARN_OBJC_LITERAL_CONVERSION = YES;
				CLANG_WARN_OBJC_ROOT_CLASS = YES_ERROR;
				CLANG_WARN_RANGE_LOOP_ANALYSIS = YES;
				CLANG_WARN_STRICT_PROTOTYPES = YES;
				CLANG_WARN_SUSPICIOUS_MOVE = YES;
				CLANG_WARN_UNGUARDED_AVAILABILITY = YES_AGGRESSIVE;
				CLANG_WARN_UNREACHABLE_CODE = YES;
				CLANG_WARN__DUPLICATE_METHOD_MATCH = YES;
				CODE_SIGN_IDENTITY = "Mac Developer";
				COPY_PHASE_STRIP = NO;
				DEBUG_INFORMATION_FORMAT = dwarf;
				ENABLE_STRICT_OBJC_MSGSEND = YES;
				ENABLE_TESTABILITY = YES;
				GCC_C_LANGUAGE_STANDARD = gnu11;
				GCC_DYNAMIC_NO_PIC = NO;
				GCC_NO_COMMON_BLOCKS = YES;
				GCC_OPTIMIZATION_LEVEL = 0;
				GCC_PREPROCESSOR_DEFINITIONS = (
					"DEBUG=1",
					"$(inherited)",
				);
				GCC_WARN_64_TO_32_BIT_CONVERSION = YES;
				GCC_WARN_ABOUT_RETURN_TYPE = YES_ERROR;
				GCC_WARN_UNDECLARED_SELECTOR = YES;
				GCC_WARN_UNINITIALIZED_AUTOS = YES_AGGRESSIVE;
				GCC_WARN_UNUSED_FUNCTION = YES;
				GCC_WARN_UNUSED_VARIABLE = YES;
				MACOSX_DEPLOYMENT_TARGET = 10.13;
				MTL_ENABLE_DEBUG_INFO = YES;
				ONLY_ACTIVE_ARCH = YES;
				SDKROOT = macosx;
				SWIFT_ACTIVE_COMPILATION_CONDITIONS = DEBUG;
				SWIFT_OPTIMIZATION_LEVEL = "-Onone";
			};
			name = Debug;
		};
		B2A2ACB3219977A10081A914 /* Release */ = {
			isa = XCBuildConfiguration;
			buildSettings = {
				ALWAYS_SEARCH_USER_PATHS = NO;
				CLANG_ANALYZER_NONNULL = YES;
				CLANG_ANALYZER_NUMBER_OBJECT_CONVERSION = YES_AGGRESSIVE;
				CLANG_CXX_LANGUAGE_STANDARD = "gnu++14";
				CLANG_CXX_LIBRARY = "libc++";
				CLANG_ENABLE_MODULES = YES;
				CLANG_ENABLE_OBJC_ARC = YES;
				CLANG_WARN_BLOCK_CAPTURE_AUTORELEASING = YES;
				CLANG_WARN_BOOL_CONVERSION = YES;
				CLANG_WARN_COMMA = YES;
				CLANG_WARN_CONSTANT_CONVERSION = YES;
				CLANG_WARN_DIRECT_OBJC_ISA_USAGE = YES_ERROR;
				CLANG_WARN_DOCUMENTATION_COMMENTS = YES;
				CLANG_WARN_EMPTY_BODY = YES;
				CLANG_WARN_ENUM_CONVERSION = YES;
				CLANG_WARN_INFINITE_RECURSION = YES;
				CLANG_WARN_INT_CONVERSION = YES;
				CLANG_WARN_NON_LITERAL_NULL_CONVERSION = YES;
				CLANG_WARN_OBJC_LITERAL_CONVERSION = YES;
				CLANG_WARN_OBJC_ROOT_CLASS = YES_ERROR;
				CLANG_WARN_RANGE_LOOP_ANALYSIS = YES;
				CLANG_WARN_STRICT_PROTOTYPES = YES;
				CLANG_WARN_SUSPICIOUS_MOVE = YES;
				CLANG_WARN_UNGUARDED_AVAILABILITY = YES_AGGRESSIVE;
				CLANG_WARN_UNREACHABLE_CODE = YES;
				CLANG_WARN__DUPLICATE_METHOD_MATCH = YES;
				CODE_SIGN_IDENTITY = "Mac Developer";
				COPY_PHASE_STRIP = NO;
				DEBUG_INFORMATION_FORMAT = "dwarf-with-dsym";
				ENABLE_NS_ASSERTIONS = NO;
				ENABLE_STRICT_OBJC_MSGSEND = YES;
				GCC_C_LANGUAGE_STANDARD = gnu11;
				GCC_NO_COMMON_BLOCKS = YES;
				GCC_WARN_64_TO_32_BIT_CONVERSION = YES;
				GCC_WARN_ABOUT_RETURN_TYPE = YES_ERROR;
				GCC_WARN_UNDECLARED_SELECTOR = YES;
				GCC_WARN_UNINITIALIZED_AUTOS = YES_AGGRESSIVE;
				GCC_WARN_UNUSED_FUNCTION = YES;
				GCC_WARN_UNUSED_VARIABLE = YES;
				MACOSX_DEPLOYMENT_TARGET = 10.13;
				MTL_ENABLE_DEBUG_INFO = NO;
				SDKROOT = macosx;
				SWIFT_OPTIMIZATION_LEVEL = "-Owholemodule";
			};
			name = Release;
		};
		B2A2ACB5219977A10081A914 /* Debug */ = {
			isa = XCBuildConfiguration;
			baseConfigurationReference = CBB52602E029B3986542F500 /* Pods-Bluke.debug.xcconfig */;
			buildSettings = {
				ASSETCATALOG_COMPILER_APPICON_NAME = AppIcon;
				CODE_SIGN_ENTITLEMENTS = "Bluke/Supporting Files/Bluke.entitlements";
				CODE_SIGN_STYLE = Automatic;
				COMBINE_HIDPI_IMAGES = YES;
				DEVELOPMENT_TEAM = 2HL3C78H53;
				INFOPLIST_FILE = "Bluke/Supporting Files/Info.plist";
				LD_RUNPATH_SEARCH_PATHS = "$(inherited) @executable_path/../Frameworks";
				PRODUCT_BUNDLE_IDENTIFIER = com.jfjs.Bluke;
				PRODUCT_NAME = "$(TARGET_NAME)";
				SWIFT_VERSION = 4.0;
			};
			name = Debug;
		};
		B2A2ACB6219977A10081A914 /* Release */ = {
			isa = XCBuildConfiguration;
			baseConfigurationReference = 6BB329C1B140B90A85E30637 /* Pods-Bluke.release.xcconfig */;
			buildSettings = {
				ASSETCATALOG_COMPILER_APPICON_NAME = AppIcon;
				CODE_SIGN_ENTITLEMENTS = "Bluke/Supporting Files/Bluke.entitlements";
				CODE_SIGN_STYLE = Automatic;
				COMBINE_HIDPI_IMAGES = YES;
				DEVELOPMENT_TEAM = 2HL3C78H53;
				INFOPLIST_FILE = "Bluke/Supporting Files/Info.plist";
				LD_RUNPATH_SEARCH_PATHS = "$(inherited) @executable_path/../Frameworks";
				PRODUCT_BUNDLE_IDENTIFIER = com.jfjs.Bluke;
				PRODUCT_NAME = "$(TARGET_NAME)";
				SWIFT_VERSION = 4.0;
			};
			name = Release;
		};
/* End XCBuildConfiguration section */

/* Begin XCConfigurationList section */
		B2A2ACA1219977A10081A914 /* Build configuration list for PBXProject "Bluke" */ = {
			isa = XCConfigurationList;
			buildConfigurations = (
				B2A2ACB2219977A10081A914 /* Debug */,
				B2A2ACB3219977A10081A914 /* Release */,
			);
			defaultConfigurationIsVisible = 0;
			defaultConfigurationName = Release;
		};
		B2A2ACB4219977A10081A914 /* Build configuration list for PBXNativeTarget "Bluke" */ = {
			isa = XCConfigurationList;
			buildConfigurations = (
				B2A2ACB5219977A10081A914 /* Debug */,
				B2A2ACB6219977A10081A914 /* Release */,
			);
			defaultConfigurationIsVisible = 0;
			defaultConfigurationName = Release;
		};
/* End XCConfigurationList section */
	};
	rootObject = B2A2AC9E219977A10081A914 /* Project object */;
}
